{
  "name": "tree-sitter-angular",
  "version": "1.0.0",
  "lockfileVersion": 1,
  "requires": true,
  "dependencies": {
    "nan": {
      "version": "2.14.2",
      "resolved": "https://artifactory.associatesys.local/artifactory/api/npm/npm-virtual/nan/-/nan-2.14.2.tgz",
      "integrity": "sha1-9TdkAGlRaPTMaUrJOT0MlYXu6hk="
    },
    "tree-sitter-cli": {
      "version": "0.17.2",
      "resolved": "https://artifactory.associatesys.local/artifactory/api/npm/npm-virtual/tree-sitter-cli/-/tree-sitter-cli-0.17.2.tgz",
      "integrity": "sha1-/wxXfpHWGrOk4ibqqhwB4UWR10c=",
      "dev": true
    }
  }
}
